# This file is automatically @generated by Poetry and should not be changed by hand.

[[package]]
name = "fluidsynth"
version = "0.2"
description = "Fluidsynth bindings"
category = "main"
optional = false
python-versions = "*"
files = [
    {file = "fluidsynth-0.2.tar.gz", hash = "sha256:734948f8ebb1753fba741205d079c136c647a3a657400c61d33c8328166719eb"},
]

[[package]]
name = "midi2audio"
version = "0.1.1"
description = "Easy to use MIDI to audio or playback via FluidSynth"
category = "main"
optional = false
python-versions = "*"
files = [
    {file = "midi2audio-0.1.1-py2.py3-none-any.whl", hash = "sha256:762a2df3806d373f7f89962f22ecc6d3cb49f82ae4212fab560a479cbb6c9c08"},
    {file = "midi2audio-0.1.1.tar.gz", hash = "sha256:b26590388e1f62753096b075b877e2529ff62faad00c07811ac8111a73e4a78a"},
]

[[package]]
name = "mido"
version = "1.2.10"
description = "MIDI Objects for Python"
category = "main"
optional = false
python-versions = "*"
files = [
    {file = "mido-1.2.10-py2.py3-none-any.whl", hash = "sha256:0e618232063e0a220249da4961563c7636fea00096cfb3e2b87a4231f0ac1a9e"},
    {file = "mido-1.2.10.tar.gz", hash = "sha256:17b38a8e4594497b850ec6e78b848eac3661706bfc49d484a36d91335a373499"},
]

[package.extras]
dev = ["check-manifest (>=0.35)", "flake8 (>=3.4.1)", "pytest (>=3.2.2)", "sphinx (>=1.6.3)", "tox (>=2.8.2)"]
ports = ["python-rtmidi (>=1.1.0)"]

[metadata]
lock-version = "2.0"
python-versions = "^3.10"
content-hash = "06edf16c7c6c37d699b332fb57e2c1ef2819939f539ada85e15df933456d57fa"
